<?xml version="1.0" encoding="utf-8"?>
<Project ToolsVersion="4.0" xmlns="http://schemas.microsoft.com/developer/msbuild/2003">
  <ItemGroup>
    <Filter Include="ソース ファイル">
      <UniqueIdentifier>{4FC737F1-C7A5-4376-A066-2A32D752A2FF}</UniqueIdentifier>
      <Extensions>cpp;c;cc;cxx;c++;cppm;ixx;def;odl;idl;hpj;bat;asm;asmx</Extensions>
    </Filter>
    <Filter Include="ヘッダー ファイル">
      <UniqueIdentifier>{93995380-89BD-4b04-88EB-625FBE52EBFB}</UniqueIdentifier>
      <Extensions>h;hh;hpp;hxx;h++;hm;inl;inc;ipp;xsd</Extensions>
    </Filter>
    <Filter Include="リソース ファイル">
      <UniqueIdentifier>{67DA6AB6-F800-4c08-8B7A-83BB121AAD01}</UniqueIdentifier>
      <Extensions>rc;ico;cur;bmp;dlg;rc2;rct;bin;rgs;gif;jpg;jpeg;jpe;resx;tiff;tif;png;wav;mfcribbon-ms</Extensions>
    </Filter>
    <Filter Include="ソース ファイル\application">
      <UniqueIdentifier>{29399b96-1af5-45cb-9a99-31a915f904f1}</UniqueIdentifier>
    </Filter>
    <Filter Include="ソース ファイル\const_color">
      <UniqueIdentifier>{3ba7d255-b3bb-4541-9bc7-cd7966550994}</UniqueIdentifier>
    </Filter>
    <Filter Include="ソース ファイル\camera">
      <UniqueIdentifier>{415ffd70-43f1-4eb1-af96-0b00e8264ceb}</UniqueIdentifier>
    </Filter>
    <Filter Include="ソース ファイル\collider">
      <UniqueIdentifier>{0e1114c1-0743-4d50-94de-a72189f8921e}</UniqueIdentifier>
    </Filter>
    <Filter Include="ソース ファイル\collider\capsule">
      <UniqueIdentifier>{899e73f3-d0f5-4c33-8380-4b565ecbd0e1}</UniqueIdentifier>
    </Filter>
    <Filter Include="ソース ファイル\collider\collider_base">
      <UniqueIdentifier>{97bf0bf2-8d4b-401a-bdd7-6e8210e907a1}</UniqueIdentifier>
    </Filter>
    <Filter Include="ソース ファイル\collider\sphere">
      <UniqueIdentifier>{333be882-9b1c-443c-a233-d21350977f6a}</UniqueIdentifier>
    </Filter>
    <Filter Include="ソース ファイル\scene">
      <UniqueIdentifier>{3e634bf6-0f2a-4a65-a0d6-ca0b9a7a2291}</UniqueIdentifier>
    </Filter>
    <Filter Include="ソース ファイル\scene\game">
      <UniqueIdentifier>{6e3f9bf9-4839-4f56-884a-9bb3ab5ce344}</UniqueIdentifier>
    </Filter>
    <Filter Include="ソース ファイル\scene\manager">
      <UniqueIdentifier>{e2db7807-895c-486e-9013-b48ab6021af7}</UniqueIdentifier>
    </Filter>
    <Filter Include="ソース ファイル\Singleton">
      <UniqueIdentifier>{04387e73-e934-4543-bf95-b5ed7674962b}</UniqueIdentifier>
    </Filter>
    <Filter Include="ソース ファイル\collider\mesh">
      <UniqueIdentifier>{ad156dad-678e-41eb-a828-b86747d8ff98}</UniqueIdentifier>
    </Filter>
    <Filter Include="ソース ファイル\object">
      <UniqueIdentifier>{591c5946-4efb-458d-9c59-f20df8749c78}</UniqueIdentifier>
    </Filter>
    <Filter Include="ソース ファイル\object\character">
      <UniqueIdentifier>{429de796-5276-4f6a-9e16-4a5215ff36ee}</UniqueIdentifier>
    </Filter>
    <Filter Include="ソース ファイル\object\object_3D">
      <UniqueIdentifier>{97d83aa5-a2e9-4a2a-9101-cd231583d4b7}</UniqueIdentifier>
    </Filter>
    <Filter Include="ソース ファイル\object\stage">
      <UniqueIdentifier>{343cc9ac-7a0d-4fea-bf80-5a51c24b7e2a}</UniqueIdentifier>
    </Filter>
    <Filter Include="ソース ファイル\object\base">
      <UniqueIdentifier>{ec74e67a-8f92-4ad6-921f-55c4945d8b3f}</UniqueIdentifier>
    </Filter>
    <Filter Include="ソース ファイル\object\player">
      <UniqueIdentifier>{1755a28b-071e-4f59-a76b-397601dea912}</UniqueIdentifier>
    </Filter>
    <Filter Include="ソース ファイル\collision">
      <UniqueIdentifier>{03a6bd0a-1cd5-447e-8466-fb7c76844429}</UniqueIdentifier>
    </Filter>
    <Filter Include="ソース ファイル\interface">
      <UniqueIdentifier>{c192c531-cb51-418e-8a09-9f1d0dca01d0}</UniqueIdentifier>
    </Filter>
    <Filter Include="ソース ファイル\clamp">
      <UniqueIdentifier>{071fc095-b105-4e7a-85a3-887fc0698ab7}</UniqueIdentifier>
    </Filter>
    <Filter Include="ソース ファイル\collider\collider_group">
      <UniqueIdentifier>{322eb42f-61cb-4052-8d04-c39efa94151d}</UniqueIdentifier>
    </Filter>
    <Filter Include="ソース ファイル\input">
      <UniqueIdentifier>{7ec34071-291c-42c6-805d-6e375f0ca0b6}</UniqueIdentifier>
    </Filter>
    <Filter Include="ソース ファイル\sort_poly">
      <UniqueIdentifier>{03f5b62b-da1c-4c24-9580-15722bfeac10}</UniqueIdentifier>
    </Filter>
    <Filter Include="ソース ファイル\resolve">
      <UniqueIdentifier>{4c78b66a-c625-4ef1-806d-b4f221da9c48}</UniqueIdentifier>
    </Filter>
    <Filter Include="ソース ファイル\poly_contact_data">
      <UniqueIdentifier>{c87782e5-7db0-45d0-8c05-1e709ed9e7cb}</UniqueIdentifier>
    </Filter>
    <Filter Include="ソース ファイル\assistant">
      <UniqueIdentifier>{fa78141d-485d-4e3f-8442-96a5a1b666d3}</UniqueIdentifier>
    </Filter>
    <Filter Include="ソース ファイル\object_setter">
      <UniqueIdentifier>{f0fbd2fb-9140-4a45-b860-f0a3eff25530}</UniqueIdentifier>
    </Filter>
    <Filter Include="ソース ファイル\input\manager">
      <UniqueIdentifier>{f0e0a88f-2b09-4914-a9fd-b4a0310c6cf4}</UniqueIdentifier>
    </Filter>
    <Filter Include="ソース ファイル\command">
      <UniqueIdentifier>{ebaa41a9-200c-45c4-8115-88d54b1715a0}</UniqueIdentifier>
    </Filter>
    <Filter Include="ソース ファイル\input\create">
      <UniqueIdentifier>{01c991ad-9253-4426-8184-b3ca58d3bfd7}</UniqueIdentifier>
    </Filter>
    <Filter Include="ソース ファイル\input\base">
      <UniqueIdentifier>{23c97a68-7d13-4f98-a972-2d84560c5a75}</UniqueIdentifier>
    </Filter>
    <Filter Include="ソース ファイル\input\device">
      <UniqueIdentifier>{d4251cb3-024e-4bc3-a247-8f54a97cd6f9}</UniqueIdentifier>
    </Filter>
    <Filter Include="ソース ファイル\config">
      <UniqueIdentifier>{0e3adc5b-820f-4822-8321-9d179cb363b0}</UniqueIdentifier>
    </Filter>
    <Filter Include="ソース ファイル\camera\brain">
      <UniqueIdentifier>{ae4c8183-71b0-4f04-9bc5-dab957d8cbcd}</UniqueIdentifier>
    </Filter>
    <Filter Include="ソース ファイル\camera\virtual_camera">
      <UniqueIdentifier>{21fd2030-e3b1-49f1-8289-37db53bdd2f7}</UniqueIdentifier>
    </Filter>
    <Filter Include="ソース ファイル\physics">
      <UniqueIdentifier>{c69306c1-fb7c-41b1-9c02-56cf0898eb06}</UniqueIdentifier>
    </Filter>
    <Filter Include="ソース ファイル\rigid_body">
      <UniqueIdentifier>{711f2137-c906-4d21-8e81-fbbc9f940422}</UniqueIdentifier>
    </Filter>
  </ItemGroup>
  <ItemGroup>
    <ClCompile Include="source\main.cpp">
      <Filter>ソース ファイル</Filter>
    </ClCompile>
    <ClCompile Include="source\application.cpp">
      <Filter>ソース ファイル\application</Filter>
    </ClCompile>
    <ClCompile Include="source\collider_base.cpp">
      <Filter>ソース ファイル\collider\collider_base</Filter>
    </ClCompile>
    <ClCompile Include="source\capsule.cpp">
      <Filter>ソース ファイル\collider\capsule</Filter>
    </ClCompile>
    <ClCompile Include="source\sphere.cpp">
      <Filter>ソース ファイル\collider\sphere</Filter>
    </ClCompile>
    <ClCompile Include="source\camera.cpp">
      <Filter>ソース ファイル\camera</Filter>
    </ClCompile>
    <ClCompile Include="source\scene_base.cpp">
      <Filter>ソース ファイル\scene</Filter>
    </ClCompile>
    <ClCompile Include="source\game.cpp">
      <Filter>ソース ファイル\scene\game</Filter>
    </ClCompile>
    <ClCompile Include="source\scene_manager.cpp">
      <Filter>ソース ファイル\scene\manager</Filter>
    </ClCompile>
    <ClCompile Include="source\FPS.cpp">
      <Filter>ソース ファイル\Singleton</Filter>
    </ClCompile>
    <ClCompile Include="source\mesh.cpp">
      <Filter>ソース ファイル\collider\mesh</Filter>
    </ClCompile>
    <ClCompile Include="source\character_base.cpp">
      <Filter>ソース ファイル\object\character</Filter>
    </ClCompile>
    <ClCompile Include="source\object_3D.cpp">
      <Filter>ソース ファイル\object\object_3D</Filter>
    </ClCompile>
    <ClCompile Include="source\stage.cpp">
      <Filter>ソース ファイル\object\stage</Filter>
    </ClCompile>
    <ClCompile Include="source\object_base.cpp">
      <Filter>ソース ファイル\object\base</Filter>
    </ClCompile>
    <ClCompile Include="source\player.cpp">
      <Filter>ソース ファイル\object\player</Filter>
    </ClCompile>
    <ClCompile Include="source\debug.cpp">
      <Filter>ソース ファイル\Singleton</Filter>
    </ClCompile>
    <ClCompile Include="source\physics.cpp">
      <Filter>ソース ファイル\physics</Filter>
    </ClCompile>
    <ClCompile Include="source\rigid_body.cpp">
      <Filter>ソース ファイル\rigid_body</Filter>
    </ClCompile>
    <ClCompile Include="source\physics_interface.cpp">
      <Filter>ソース ファイル\interface</Filter>
    </ClCompile>
    <ClCompile Include="source\object_setter.cpp">
      <Filter>ソース ファイル\object_setter</Filter>
    </ClCompile>
    <ClCompile Include="source\set_object.cpp">
      <Filter>ソース ファイル\object_setter</Filter>
    </ClCompile>
    <ClCompile Include="source\collider_group.cpp">
      <Filter>ソース ファイル\collider\collider_group</Filter>
    </ClCompile>
    <ClCompile Include="source\sort_poly.cpp">
      <Filter>ソース ファイル\sort_poly</Filter>
    </ClCompile>
    <ClCompile Include="source\input_manager.cpp">
      <Filter>ソース ファイル\input\manager</Filter>
    </ClCompile>
    <ClCompile Include="source\input_interface.cpp">
      <Filter>ソース ファイル\input</Filter>
    </ClCompile>
    <ClCompile Include="source\command.cpp">
      <Filter>ソース ファイル\command</Filter>
    </ClCompile>
    <ClCompile Include="source\input_base.cpp">
      <Filter>ソース ファイル\input\base</Filter>
    </ClCompile>
    <ClCompile Include="source\player_input.cpp">
      <Filter>ソース ファイル\input\base</Filter>
    </ClCompile>
    <ClCompile Include="source\input_creater.cpp">
      <Filter>ソース ファイル\input\create</Filter>
    </ClCompile>
    <ClCompile Include="source\pad.cpp">
      <Filter>ソース ファイル\input\device</Filter>
    </ClCompile>
    <ClCompile Include="source\pc.cpp">
      <Filter>ソース ファイル\input\device</Filter>
    </ClCompile>
    <ClCompile Include="source\key_config.cpp">
      <Filter>ソース ファイル\config</Filter>
    </ClCompile>
    <ClCompile Include="source\pad_config.cpp">
      <Filter>ソース ファイル\config</Filter>
    </ClCompile>
    <ClCompile Include="source\ai_input.cpp">
      <Filter>ソース ファイル\input\base</Filter>
    </ClCompile>
    <ClCompile Include="source\brain.cpp">
      <Filter>ソース ファイル\camera\brain</Filter>
    </ClCompile>
    <ClCompile Include="source\virtual_camera_base.cpp">
      <Filter>ソース ファイル\camera\virtual_camera</Filter>
    </ClCompile>
    <ClCompile Include="source\tracking_camera.cpp">
      <Filter>ソース ファイル\camera\virtual_camera</Filter>
    </ClCompile>
  </ItemGroup>
  <ItemGroup>
    <ClInclude Include="source\application.h">
      <Filter>ソース ファイル\application</Filter>
    </ClInclude>
    <ClInclude Include="source\collider_base.h">
      <Filter>ソース ファイル\collider\collider_base</Filter>
    </ClInclude>
    <ClInclude Include="source\sphere.h">
      <Filter>ソース ファイル\collider\sphere</Filter>
    </ClInclude>
    <ClInclude Include="source\color.h">
      <Filter>ソース ファイル\const_color</Filter>
    </ClInclude>
    <ClInclude Include="source\camera.h">
      <Filter>ソース ファイル\camera</Filter>
    </ClInclude>
    <ClInclude Include="source\radian_assistant.h">
      <Filter>ソース ファイル\assistant</Filter>
    </ClInclude>
    <ClInclude Include="source\vector_assistant.h">
      <Filter>ソース ファイル\assistant</Filter>
    </ClInclude>
    <ClInclude Include="source\scene_base.h">
      <Filter>ソース ファイル\scene</Filter>
    </ClInclude>
    <ClInclude Include="source\game.h">
      <Filter>ソース ファイル\scene\game</Filter>
    </ClInclude>
    <ClInclude Include="source\scene_manager.h">
      <Filter>ソース ファイル\scene\manager</Filter>
    </ClInclude>
    <ClInclude Include="source\FPS.h">
      <Filter>ソース ファイル\Singleton</Filter>
    </ClInclude>
    <ClInclude Include="source\mesh.h">
      <Filter>ソース ファイル\collider\mesh</Filter>
    </ClInclude>
    <ClInclude Include="source\character_base.h">
      <Filter>ソース ファイル\object\character</Filter>
    </ClInclude>
    <ClInclude Include="source\object_3D.h">
      <Filter>ソース ファイル\object\object_3D</Filter>
    </ClInclude>
    <ClInclude Include="source\stage.h">
      <Filter>ソース ファイル\object\stage</Filter>
    </ClInclude>
    <ClInclude Include="source\object_base.h">
      <Filter>ソース ファイル\object\base</Filter>
    </ClInclude>
    <ClInclude Include="source\player.h">
      <Filter>ソース ファイル\object\player</Filter>
    </ClInclude>
    <ClInclude Include="source\debug.h">
      <Filter>ソース ファイル\Singleton</Filter>
    </ClInclude>
    <ClInclude Include="source\hit_interface.h">
      <Filter>ソース ファイル\interface</Filter>
    </ClInclude>
    <ClInclude Include="source\physics.h">
      <Filter>ソース ファイル\physics</Filter>
    </ClInclude>
    <ClInclude Include="source\foot_interface.h">
      <Filter>ソース ファイル\interface</Filter>
    </ClInclude>
    <ClInclude Include="source\collider_name.h">
      <Filter>ソース ファイル\collider</Filter>
    </ClInclude>
    <ClInclude Include="source\rigid_body.h">
      <Filter>ソース ファイル\rigid_body</Filter>
    </ClInclude>
    <ClInclude Include="source\collision.h">
      <Filter>ソース ファイル\collision</Filter>
    </ClInclude>
    <ClInclude Include="source\physics_interface.h">
      <Filter>ソース ファイル\interface</Filter>
    </ClInclude>
    <ClInclude Include="source\my_math.h">
      <Filter>ソース ファイル\clamp</Filter>
    </ClInclude>
    <ClInclude Include="source\resolve.h">
      <Filter>ソース ファイル\resolve</Filter>
    </ClInclude>
    <ClInclude Include="source\object_setter.h">
      <Filter>ソース ファイル\object_setter</Filter>
    </ClInclude>
    <ClInclude Include="source\set_object.h">
      <Filter>ソース ファイル\object_setter</Filter>
    </ClInclude>
    <ClInclude Include="source\collider_group.h">
      <Filter>ソース ファイル\collider\collider_group</Filter>
    </ClInclude>
    <ClInclude Include="source\sort_poly.h">
      <Filter>ソース ファイル\sort_poly</Filter>
    </ClInclude>
    <ClInclude Include="source\capsule.h">
      <Filter>ソース ファイル\collider\capsule</Filter>
    </ClInclude>
    <ClInclude Include="source\poly_contact.h">
      <Filter>ソース ファイル\poly_contact_data</Filter>
    </ClInclude>
    <ClInclude Include="source\contact.h">
      <Filter>ソース ファイル\poly_contact_data</Filter>
    </ClInclude>
    <ClInclude Include="source\input_state.h">
      <Filter>ソース ファイル\input</Filter>
    </ClInclude>
    <ClInclude Include="source\input_manager.h">
      <Filter>ソース ファイル\input\manager</Filter>
    </ClInclude>
    <ClInclude Include="source\input_interface.h">
      <Filter>ソース ファイル\input</Filter>
    </ClInclude>
    <ClInclude Include="source\command.h">
      <Filter>ソース ファイル\command</Filter>
    </ClInclude>
    <ClInclude Include="source\input_base.h">
      <Filter>ソース ファイル\input\base</Filter>
    </ClInclude>
    <ClInclude Include="source\player_input.h">
      <Filter>ソース ファイル\input\base</Filter>
    </ClInclude>
    <ClInclude Include="source\input_creater.h">
      <Filter>ソース ファイル\input\create</Filter>
    </ClInclude>
    <ClInclude Include="source\pad.h">
      <Filter>ソース ファイル\input\device</Filter>
    </ClInclude>
    <ClInclude Include="source\pc.h">
      <Filter>ソース ファイル\input\device</Filter>
    </ClInclude>
    <ClInclude Include="source\key_config.h">
      <Filter>ソース ファイル\config</Filter>
    </ClInclude>
    <ClInclude Include="source\pad_config.h">
      <Filter>ソース ファイル\config</Filter>
    </ClInclude>
    <ClInclude Include="source\ai_input.h">
      <Filter>ソース ファイル\input\base</Filter>
    </ClInclude>
    <ClInclude Include="source\brain.h">
      <Filter>ソース ファイル\camera\brain</Filter>
    </ClInclude>
    <ClInclude Include="source\virtual_camera_base.h">
      <Filter>ソース ファイル\camera\virtual_camera</Filter>
    </ClInclude>
    <ClInclude Include="source\tracking_camera.h">
      <Filter>ソース ファイル\camera\virtual_camera</Filter>
    </ClInclude>
  </ItemGroup>
</Project>